
Microsoft Visual Studio Solution File, Format Version 12.00
# Visual Studio 15
Project("{FAE04EC0-301F-11D3-BF4B-00C04F79EFBC}") = "PROJECT_ATM", "PROJECT_ATM\PROJECT_ATM.csproj", "{DBBCB42F-5A78-444F-9C1E-8D13D701F04E}"
EndProject
Project("{FAE04EC0-301F-11D3-BF4B-00C04F79EFBC}") = "PROJECT_ATM.Tests", "PROJECT_ATM.Tests\PROJECT_ATM.Tests.csproj", "{FF7480BC-FE24-4888-83F0-E1516F77097D}"
EndProject
Global
	GlobalSection(SolutionConfigurationPlatforms) = preSolution
		Debug|Any CPU = Debug|Any CPU
		Release|Any CPU = Release|Any CPU
	EndGlobalSection
	GlobalSection(ProjectConfigurationPlatforms) = postSolution
		{DBBCB42F-5A78-444F-9C1E-8D13D701F04E}.Debug|Any CPU.ActiveCfg = Debug|Any CPU
		{DBBCB42F-5A78-444F-9C1E-8D13D701F04E}.Debug|Any CPU.Build.0 = Debug|Any CPU
		{DBBCB42F-5A78-444F-9C1E-8D13D701F04E}.Release|Any CPU.ActiveCfg = Release|Any CPU
		{DBBCB42F-5A78-444F-9C1E-8D13D701F04E}.Release|Any CPU.Build.0 = Release|Any CPU
		{FF7480BC-FE24-4888-83F0-E1516F77097D}.Debug|Any CPU.ActiveCfg = Debug|Any CPU
		{FF7480BC-FE24-4888-83F0-E1516F77097D}.Debug|Any CPU.Build.0 = Debug|Any CPU
		{FF7480BC-FE24-4888-83F0-E1516F77097D}.Release|Any CPU.ActiveCfg = Release|Any CPU
		{FF7480BC-FE24-4888-83F0-E1516F77097D}.Release|Any CPU.Build.0 = Release|Any CPU
	EndGlobalSection
EndGlobal
